
Microsoft Visual Studio Solution File, Format Version 12.00
# Visual Studio Version 17
VisualStudioVersion = 17.7.34003.232
MinimumVisualStudioVersion = 10.0.40219.1
Project("{FAE04EC0-301F-11D3-BF4B-00C04F79EFBC}") = "LinqBonus", "LinqBonus.csproj", "{94093F43-40E6-4472-A995-64F29D84E56B}"
EndProject
Global
	GlobalSection(SolutionConfigurationPlatforms) = preSolution
		Debug|Any CPU = Debug|Any CPU
		Release|Any CPU = Release|Any CPU
	EndGlobalSection
	GlobalSection(ProjectConfigurationPlatforms) = postSolution
		{94093F43-40E6-4472-A995-64F29D84E56B}.Debug|Any CPU.ActiveCfg = Debug|Any CPU
		{94093F43-40E6-4472-A995-64F29D84E56B}.Debug|Any CPU.Build.0 = Debug|Any CPU
		{94093F43-40E6-4472-A995-64F29D84E56B}.Release|Any CPU.ActiveCfg = Release|Any CPU
		{94093F43-40E6-4472-A995-64F29D84E56B}.Release|Any CPU.Build.0 = Release|Any CPU
	EndGlobalSection
	GlobalSection(SolutionProperties) = preSolution
		HideSolutionNode = FALSE
	EndGlobalSection
	GlobalSection(ExtensibilityGlobals) = postSolution
		SolutionGuid = {D6D9E745-76CC-45D9-A182-9D24B3104ED0}
	EndGlobalSection
EndGlobal
