
Microsoft Visual Studio Solution File, Format Version 12.00
# Visual Studio Version 17
VisualStudioVersion = 17.6.33829.357
MinimumVisualStudioVersion = 10.0.40219.1
Project("{FAE04EC0-301F-11D3-BF4B-00C04F79EFBC}") = "Day1", "Day1.csproj", "{F8915C34-9FDB-42AB-81FB-E7B01C0D9DB9}"
EndProject
Project("{FAE04EC0-301F-11D3-BF4B-00C04F79EFBC}") = "Referencing", "..\Referencing\Referencing.csproj", "{ADCF59BA-6C53-46EB-BF8B-A80B2646C165}"
EndProject
Global
	GlobalSection(SolutionConfigurationPlatforms) = preSolution
		Debug|Any CPU = Debug|Any CPU
		Release|Any CPU = Release|Any CPU
	EndGlobalSection
	GlobalSection(ProjectConfigurationPlatforms) = postSolution
		{F8915C34-9FDB-42AB-81FB-E7B01C0D9DB9}.Debug|Any CPU.ActiveCfg = Debug|Any CPU
		{F8915C34-9FDB-42AB-81FB-E7B01C0D9DB9}.Debug|Any CPU.Build.0 = Debug|Any CPU
		{F8915C34-9FDB-42AB-81FB-E7B01C0D9DB9}.Release|Any CPU.ActiveCfg = Release|Any CPU
		{F8915C34-9FDB-42AB-81FB-E7B01C0D9DB9}.Release|Any CPU.Build.0 = Release|Any CPU
		{ADCF59BA-6C53-46EB-BF8B-A80B2646C165}.Debug|Any CPU.ActiveCfg = Debug|Any CPU
		{ADCF59BA-6C53-46EB-BF8B-A80B2646C165}.Debug|Any CPU.Build.0 = Debug|Any CPU
		{ADCF59BA-6C53-46EB-BF8B-A80B2646C165}.Release|Any CPU.ActiveCfg = Release|Any CPU
		{ADCF59BA-6C53-46EB-BF8B-A80B2646C165}.Release|Any CPU.Build.0 = Release|Any CPU
	EndGlobalSection
	GlobalSection(SolutionProperties) = preSolution
		HideSolutionNode = FALSE
	EndGlobalSection
	GlobalSection(ExtensibilityGlobals) = postSolution
		SolutionGuid = {714D2B9E-E6B8-4C99-9A55-5169864C62F3}
	EndGlobalSection
EndGlobal
