
Microsoft Visual Studio Solution File, Format Version 12.00
# Visual Studio Version 17
VisualStudioVersion = 17.7.34003.232
MinimumVisualStudioVersion = 10.0.40219.1
Project("{FAE04EC0-301F-11D3-BF4B-00C04F79EFBC}") = "API_Consumer", "API_Consumer.csproj", "{7F9A131F-0896-4440-9CC8-ECCDA20391E7}"
EndProject
Global
	GlobalSection(SolutionConfigurationPlatforms) = preSolution
		Debug|Any CPU = Debug|Any CPU
		Release|Any CPU = Release|Any CPU
	EndGlobalSection
	GlobalSection(ProjectConfigurationPlatforms) = postSolution
		{7F9A131F-0896-4440-9CC8-ECCDA20391E7}.Debug|Any CPU.ActiveCfg = Debug|Any CPU
		{7F9A131F-0896-4440-9CC8-ECCDA20391E7}.Debug|Any CPU.Build.0 = Debug|Any CPU
		{7F9A131F-0896-4440-9CC8-ECCDA20391E7}.Release|Any CPU.ActiveCfg = Release|Any CPU
		{7F9A131F-0896-4440-9CC8-ECCDA20391E7}.Release|Any CPU.Build.0 = Release|Any CPU
	EndGlobalSection
	GlobalSection(SolutionProperties) = preSolution
		HideSolutionNode = FALSE
	EndGlobalSection
	GlobalSection(ExtensibilityGlobals) = postSolution
		SolutionGuid = {29ABA534-3C8C-4D24-9A3B-18449F48298A}
	EndGlobalSection
EndGlobal
