
Microsoft Visual Studio Solution File, Format Version 12.00
# Visual Studio Version 17
VisualStudioVersion = 17.6.33829.357
MinimumVisualStudioVersion = 10.0.40219.1
Project("{FAE04EC0-301F-11D3-BF4B-00C04F79EFBC}") = "Day5", "Day5.csproj", "{EE569480-8DD1-4384-96A5-BECC936B06CC}"
EndProject
Global
	GlobalSection(SolutionConfigurationPlatforms) = preSolution
		Debug|Any CPU = Debug|Any CPU
		Release|Any CPU = Release|Any CPU
	EndGlobalSection
	GlobalSection(ProjectConfigurationPlatforms) = postSolution
		{EE569480-8DD1-4384-96A5-BECC936B06CC}.Debug|Any CPU.ActiveCfg = Debug|Any CPU
		{EE569480-8DD1-4384-96A5-BECC936B06CC}.Debug|Any CPU.Build.0 = Debug|Any CPU
		{EE569480-8DD1-4384-96A5-BECC936B06CC}.Release|Any CPU.ActiveCfg = Release|Any CPU
		{EE569480-8DD1-4384-96A5-BECC936B06CC}.Release|Any CPU.Build.0 = Release|Any CPU
	EndGlobalSection
	GlobalSection(SolutionProperties) = preSolution
		HideSolutionNode = FALSE
	EndGlobalSection
	GlobalSection(ExtensibilityGlobals) = postSolution
		SolutionGuid = {9444B6BB-4989-4F1A-9AB5-98C7C7CE6670}
	EndGlobalSection
EndGlobal
