
Microsoft Visual Studio Solution File, Format Version 12.00
# Visual Studio Version 17
VisualStudioVersion = 17.7.34003.232
MinimumVisualStudioVersion = 10.0.40219.1
Project("{FAE04EC0-301F-11D3-BF4B-00C04F79EFBC}") = "WinFormsApp", "..\WinFormsApp\WinFormsApp.csproj", "{CEDC9356-E1ED-4E00-A464-A9069A931730}"
EndProject
Global
	GlobalSection(SolutionConfigurationPlatforms) = preSolution
		Debug|Any CPU = Debug|Any CPU
		Release|Any CPU = Release|Any CPU
	EndGlobalSection
	GlobalSection(ProjectConfigurationPlatforms) = postSolution
		{CEDC9356-E1ED-4E00-A464-A9069A931730}.Debug|Any CPU.ActiveCfg = Debug|Any CPU
		{CEDC9356-E1ED-4E00-A464-A9069A931730}.Debug|Any CPU.Build.0 = Debug|Any CPU
		{CEDC9356-E1ED-4E00-A464-A9069A931730}.Release|Any CPU.ActiveCfg = Release|Any CPU
		{CEDC9356-E1ED-4E00-A464-A9069A931730}.Release|Any CPU.Build.0 = Release|Any CPU
	EndGlobalSection
	GlobalSection(SolutionProperties) = preSolution
		HideSolutionNode = FALSE
	EndGlobalSection
	GlobalSection(ExtensibilityGlobals) = postSolution
		SolutionGuid = {A2D83704-03DB-4494-AA05-02DF92174A03}
	EndGlobalSection
EndGlobal
